// !$*UTF8*$!
{
	archiveVersion = 1;
	classes = {
	};
	objectVersion = 46;
	objects = {

/* Begin PBXBuildFile section */
		7B3A3EC11B69713600965048 /* main.m in Sources */ = {isa = PBXBuildFile; fileRef = 7B3A3EC01B69713600965048 /* main.m */; };
		7B3A3EC41B69713600965048 /* AppDelegate.m in Sources */ = {isa = PBXBuildFile; fileRef = 7B3A3EC31B69713600965048 /* AppDelegate.m */; };
		7B3A3EC71B69713600965048 /* ViewController.m in Sources */ = {isa = PBXBuildFile; fileRef = 7B3A3EC61B69713600965048 /* ViewController.m */; };
		7B3A3ECA1B69713600965048 /* Main.storyboard in Resources */ = {isa = PBXBuildFile; fileRef = 7B3A3EC81B69713600965048 /* Main.storyboard */; };
		7B3A3ECC1B69713600965048 /* Images.xcassets in Resources */ = {isa = PBXBuildFile; fileRef = 7B3A3ECB1B69713600965048 /* Images.xcassets */; };
		7B3A3ECF1B69713600965048 /* LaunchScreen.xib in Resources */ = {isa = PBXBuildFile; fileRef = 7B3A3ECD1B69713600965048 /* LaunchScreen.xib */; };
		7B3A3EDB1B69713600965048 /* ParanthesisCountTests.m in Sources */ = {isa = PBXBuildFile; fileRef = 7B3A3EDA1B69713600965048 /* ParanthesisCountTests.m */; };
/* End PBXBuildFile section */

/* Begin PBXContainerItemProxy section */
		7B3A3ED51B69713600965048 /* PBXContainerItemProxy */ = {
			isa = PBXContainerItemProxy;
			containerPortal = 7B3A3EB31B69713600965048 /* Project object */;
			proxyType = 1;
			remoteGlobalIDString = 7B3A3EBA1B69713600965048;
			remoteInfo = ParanthesisCount;
		};
/* End PBXContainerItemProxy section */

/* Begin PBXFileReference section */
		7B3A3EBB1B69713600965048 /* ParanthesisCount.app */ = {isa = PBXFileReference; explicitFileType = wrapper.application; includeInIndex = 0; path = ParanthesisCount.app; sourceTree = BUILT_PRODUCTS_DIR; };
		7B3A3EBF1B69713600965048 /* Info.plist */ = {isa = PBXFileReference; lastKnownFileType = text.plist.xml; path = Info.plist; sourceTree = "<group>"; };
		7B3A3EC01B69713600965048 /* main.m */ = {isa = PBXFileReference; lastKnownFileType = sourcecode.c.objc; path = main.m; sourceTree = "<group>"; };
		7B3A3EC21B69713600965048 /* AppDelegate.h */ = {isa = PBXFileReference; lastKnownFileType = sourcecode.c.h; path = AppDelegate.h; sourceTree = "<group>"; };
		7B3A3EC31B69713600965048 /* AppDelegate.m */ = {isa = PBXFileReference; lastKnownFileType = sourcecode.c.objc; path = AppDelegate.m; sourceTree = "<group>"; };
		7B3A3EC51B69713600965048 /* ViewController.h */ = {isa = PBXFileReference; lastKnownFileType = sourcecode.c.h; path = ViewController.h; sourceTree = "<group>"; };
		7B3A3EC61B69713600965048 /* ViewController.m */ = {isa = PBXFileReference; lastKnownFileType = sourcecode.c.objc; path = ViewController.m; sourceTree = "<group>"; };
		7B3A3EC91B69713600965048 /* Base */ = {isa = PBXFileReference; lastKnownFileType = file.storyboard; name = Base; path = Base.lproj/Main.storyboard; sourceTree = "<group>"; };
		7B3A3ECB1B69713600965048 /* Images.xcassets */ = {isa = PBXFileReference; lastKnownFileType = folder.assetcatalog; path = Images.xcassets; sourceTree = "<group>"; };
		7B3A3ECE1B69713600965048 /* Base */ = {isa = PBXFileReference; lastKnownFileType = file.xib; name = Base; path = Base.lproj/LaunchScreen.xib; sourceTree = "<group>"; };
		7B3A3ED41B69713600965048 /* ParanthesisCountTests.xctest */ = {isa = PBXFileReference; explicitFileType = wrapper.cfbundle; includeInIndex = 0; path = ParanthesisCountTests.xctest; sourceTree = BUILT_PRODUCTS_DIR; };
		7B3A3ED91B69713600965048 /* Info.plist */ = {isa = PBXFileReference; lastKnownFileType = text.plist.xml; path = Info.plist; sourceTree = "<group>"; };
		7B3A3EDA1B69713600965048 /* ParanthesisCountTests.m */ = {isa = PBXFileReference; lastKnownFileType = sourcecode.c.objc; path = ParanthesisCountTests.m; sourceTree = "<group>"; };
/* End PBXFileReference section */

/* Begin PBXFrameworksBuildPhase section */
		7B3A3EB81B69713600965048 /* Frameworks */ = {
			isa = PBXFrameworksBuildPhase;
			buildActionMask = 2147483647;
			files = (
			);
			runOnlyForDeploymentPostprocessing = 0;
		};
		7B3A3ED11B69713600965048 /* Frameworks */ = {
			isa = PBXFrameworksBuildPhase;
			buildActionMask = 2147483647;
			files = (
			);
			runOnlyForDeploymentPostprocessing = 0;
		};
/* End PBXFrameworksBuildPhase section */

/* Begin PBXGroup section */
		7B3A3EB21B69713600965048 = {
			isa = PBXGroup;
			children = (
				7B3A3EBD1B69713600965048 /* ParanthesisCount */,
				7B3A3ED71B69713600965048 /* ParanthesisCountTests */,
				7B3A3EBC1B69713600965048 /* Products */,
			);
			sourceTree = "<group>";
		};
		7B3A3EBC1B69713600965048 /* Products */ = {
			isa = PBXGroup;
			children = (
				7B3A3EBB1B69713600965048 /* ParanthesisCount.app */,
				7B3A3ED41B69713600965048 /* ParanthesisCountTests.xctest */,
			);
			name = Products;
			sourceTree = "<group>";
		};
		7B3A3EBD1B69713600965048 /* ParanthesisCount */ = {
			isa = PBXGroup;
			children = (
				7B3A3EC21B69713600965048 /* AppDelegate.h */,
				7B3A3EC31B69713600965048 /* AppDelegate.m */,
				7B3A3EC51B69713600965048 /* ViewController.h */,
				7B3A3EC61B69713600965048 /* ViewController.m */,
				7B3A3EC81B69713600965048 /* Main.storyboard */,
				7B3A3ECB1B69713600965048 /* Images.xcassets */,
				7B3A3ECD1B69713600965048 /* LaunchScreen.xib */,
				7B3A3EBE1B69713600965048 /* Supporting Files */,
			);
			path = ParanthesisCount;
			sourceTree = "<group>";
		};
		7B3A3EBE1B69713600965048 /* Supporting Files */ = {
			isa = PBXGroup;
			children = (
				7B3A3EBF1B69713600965048 /* Info.plist */,
				7B3A3EC01B69713600965048 /* main.m */,
			);
			name = "Supporting Files";
			sourceTree = "<group>";
		};
		7B3A3ED71B69713600965048 /* ParanthesisCountTests */ = {
			isa = PBXGroup;
			children = (
				7B3A3EDA1B69713600965048 /* ParanthesisCountTests.m */,
				7B3A3ED81B69713600965048 /* Supporting Files */,
			);
			path = ParanthesisCountTests;
			sourceTree = "<group>";
		};
		7B3A3ED81B69713600965048 /* Supporting Files */ = {
			isa = PBXGroup;
			children = (
				7B3A3ED91B69713600965048 /* Info.plist */,
			);
			name = "Supporting Files";
			sourceTree = "<group>";
		};
/* End PBXGroup section */

/* Begin PBXNativeTarget section */
		7B3A3EBA1B69713600965048 /* ParanthesisCount */ = {
			isa = PBXNativeTarget;
			buildConfigurationList = 7B3A3EDE1B69713600965048 /* Build configuration list for PBXNativeTarget "ParanthesisCount" */;
			buildPhases = (
				7B3A3EB71B69713600965048 /* Sources */,
				7B3A3EB81B69713600965048 /* Frameworks */,
				7B3A3EB91B69713600965048 /* Resources */,
			);
			buildRules = (
			);
			dependencies = (
			);
			name = ParanthesisCount;
			productName = ParanthesisCount;
			productReference = 7B3A3EBB1B69713600965048 /* ParanthesisCount.app */;
			productType = "com.apple.product-type.application";
		};
		7B3A3ED31B69713600965048 /* ParanthesisCountTests */ = {
			isa = PBXNativeTarget;
			buildConfigurationList = 7B3A3EE11B69713600965048 /* Build configuration list for PBXNativeTarget "ParanthesisCountTests" */;
			buildPhases = (
				7B3A3ED01B69713600965048 /* Sources */,
				7B3A3ED11B69713600965048 /* Frameworks */,
				7B3A3ED21B69713600965048 /* Resources */,
			);
			buildRules = (
			);
			dependencies = (
				7B3A3ED61B69713600965048 /* PBXTargetDependency */,
			);
			name = ParanthesisCountTests;
			productName = ParanthesisCountTests;
			productReference = 7B3A3ED41B69713600965048 /* ParanthesisCountTests.xctest */;
			productType = "com.apple.product-type.bundle.unit-test";
		};
/* End PBXNativeTarget section */

/* Begin PBXProject section */
		7B3A3EB31B69713600965048 /* Project object */ = {
			isa = PBXProject;
			attributes = {
				LastUpgradeCheck = 0630;
				ORGANIZATIONNAME = iTech;
				TargetAttributes = {
					7B3A3EBA1B69713600965048 = {
						CreatedOnToolsVersion = 6.3.2;
					};
					7B3A3ED31B69713600965048 = {
						CreatedOnToolsVersion = 6.3.2;
						TestTargetID = 7B3A3EBA1B69713600965048;
					};
				};
			};
			buildConfigurationList = 7B3A3EB61B69713600965048 /* Build configuration list for PBXProject "ParanthesisCount" */;
			compatibilityVersion = "Xcode 3.2";
			developmentRegion = English;
			hasScannedForEncodings = 0;
			knownRegions = (
				en,
				Base,
			);
			mainGroup = 7B3A3EB21B69713600965048;
			productRefGroup = 7B3A3EBC1B69713600965048 /* Products */;
			projectDirPath = "";
			projectRoot = "";
			targets = (
				7B3A3EBA1B69713600965048 /* ParanthesisCount */,
				7B3A3ED31B69713600965048 /* ParanthesisCountTests */,
			);
		};
/* End PBXProject section */

/* Begin PBXResourcesBuildPhase section */
		7B3A3EB91B69713600965048 /* Resources */ = {
			isa = PBXResourcesBuildPhase;
			buildActionMask = 2147483647;
			files = (
				7B3A3ECA1B69713600965048 /* Main.storyboard in Resources */,
				7B3A3ECF1B69713600965048 /* LaunchScreen.xib in Resources */,
				7B3A3ECC1B69713600965048 /* Images.xcassets in Resources */,
			);
			runOnlyForDeploymentPostprocessing = 0;
		};
		7B3A3ED21B69713600965048 /* Resources */ = {
			isa = PBXResourcesBuildPhase;
			buildActionMask = 2147483647;
			files = (
			);
			runOnlyForDeploymentPostprocessing = 0;
		};
/* End PBXResourcesBuildPhase section */

/* Begin PBXSourcesBuildPhase section */
		7B3A3EB71B69713600965048 /* Sources */ = {
			isa = PBXSourcesBuildPhase;
			buildActionMask = 2147483647;
			files = (
				7B3A3EC71B69713600965048 /* ViewController.m in Sources */,
				7B3A3EC41B69713600965048 /* AppDelegate.m in Sources */,
				7B3A3EC11B69713600965048 /* main.m in Sources */,
			);
			runOnlyForDeploymentPostprocessing = 0;
		};
		7B3A3ED01B69713600965048 /* Sources */ = {
			isa = PBXSourcesBuildPhase;
			buildActionMask = 2147483647;
			files = (
				7B3A3EDB1B69713600965048 /* ParanthesisCountTests.m in Sources */,
			);
			runOnlyForDeploymentPostprocessing = 0;
		};
/* End PBXSourcesBuildPhase section */

/* Begin PBXTargetDependency section */
		7B3A3ED61B69713600965048 /* PBXTargetDependency */ = {
			isa = PBXTargetDependency;
			target = 7B3A3EBA1B69713600965048 /* ParanthesisCount */;
			targetProxy = 7B3A3ED51B69713600965048 /* PBXContainerItemProxy */;
		};
/* End PBXTargetDependency section */

/* Begin PBXVariantGroup section */
		7B3A3EC81B69713600965048 /* Main.storyboard */ = {
			isa = PBXVariantGroup;
			children = (
				7B3A3EC91B69713600965048 /* Base */,
			);
			name = Main.storyboard;
			sourceTree = "<group>";
		};
		7B3A3ECD1B69713600965048 /* LaunchScreen.xib */ = {
			isa = PBXVariantGroup;
			children = (
				7B3A3ECE1B69713600965048 /* Base */,
			);
			name = LaunchScreen.xib;
			sourceTree = "<group>";
		};
/* End PBXVariantGroup section */

/* Begin XCBuildConfiguration section */
		7B3A3EDC1B69713600965048 /* Debug */ = {
			isa = XCBuildConfiguration;
			buildSettings = {
				ALWAYS_SEARCH_USER_PATHS = NO;
				CLANG_CXX_LANGUAGE_STANDARD = "gnu++0x";
				CLANG_CXX_LIBRARY = "libc++";
				CLANG_ENABLE_MODULES = YES;
				CLANG_ENABLE_OBJC_ARC = YES;
				CLANG_WARN_BOOL_CONVERSION = YES;
				CLANG_WARN_CONSTANT_CONVERSION = YES;
				CLANG_WARN_DIRECT_OBJC_ISA_USAGE = YES_ERROR;
				CLANG_WARN_EMPTY_BODY = YES;
				CLANG_WARN_ENUM_CONVERSION = YES;
				CLANG_WARN_INT_CONVERSION = YES;
				CLANG_WARN_OBJC_ROOT_CLASS = YES_ERROR;
				CLANG_WARN_UNREACHABLE_CODE = YES;
				CLANG_WARN__DUPLICATE_METHOD_MATCH = YES;
				"CODE_SIGN_IDENTITY[sdk=iphoneos*]" = "iPhone Developer";
				COPY_PHASE_STRIP = NO;
				DEBUG_INFORMATION_FORMAT = "dwarf-with-dsym";
				ENABLE_STRICT_OBJC_MSGSEND = YES;
				GCC_C_LANGUAGE_STANDARD = gnu99;
				GCC_DYNAMIC_NO_PIC = NO;
				GCC_NO_COMMON_BLOCKS = YES;
				GCC_OPTIMIZATION_LEVEL = 0;
				GCC_PREPROCESSOR_DEFINITIONS = (
					"DEBUG=1",
					"$(inherited)",
				);
				GCC_SYMBOLS_PRIVATE_EXTERN = NO;
				GCC_WARN_64_TO_32_BIT_CONVERSION = YES;
				GCC_WARN_ABOUT_RETURN_TYPE = YES_ERROR;
				GCC_WARN_UNDECLARED_SELECTOR = YES;
				GCC_WARN_UNINITIALIZED_AUTOS = YES_AGGRESSIVE;
				GCC_WARN_UNUSED_FUNCTION = YES;
				GCC_WARN_UNUSED_VARIABLE = YES;
				IPHONEOS_DEPLOYMENT_TARGET = 8.3;
				MTL_ENABLE_DEBUG_INFO = YES;
				ONLY_ACTIVE_ARCH = YES;
				SDKROOT = iphoneos;
				TARGETED_DEVICE_FAMILY = "1,2";
			};
			name = Debug;
		};
		7B3A3EDD1B69713600965048 /* Release */ = {
			isa = XCBuildConfiguration;
			buildSettings = {
				ALWAYS_SEARCH_USER_PATHS = NO;
				CLANG_CXX_LANGUAGE_STANDARD = "gnu++0x";
				CLANG_CXX_LIBRARY = "libc++";
				CLANG_ENABLE_MODULES = YES;
				CLANG_ENABLE_OBJC_ARC = YES;
				CLANG_WARN_BOOL_CONVERSION = YES;
				CLANG_WARN_CONSTANT_CONVERSION = YES;
				CLANG_WARN_DIRECT_OBJC_ISA_USAGE = YES_ERROR;
				CLANG_WARN_EMPTY_BODY = YES;
				CLANG_WARN_ENUM_CONVERSION = YES;
				CLANG_WARN_INT_CONVERSION = YES;
				CLANG_WARN_OBJC_ROOT_CLASS = YES_ERROR;
				CLANG_WARN_UNREACHABLE_CODE = YES;
				CLANG_WARN__DUPLICATE_METHOD_MATCH = YES;
				"CODE_SIGN_IDENTITY[sdk=iphoneos*]" = "iPhone Developer";
				COPY_PHASE_STRIP = NO;
				DEBUG_INFORMATION_FORMAT = "dwarf-with-dsym";
				ENABLE_NS_ASSERTIONS = NO;
				ENABLE_STRICT_OBJC_MSGSEND = YES;
				GCC_C_LANGUAGE_STANDARD = gnu99;
				GCC_NO_COMMON_BLOCKS = YES;
				GCC_WARN_64_TO_32_BIT_CONVERSION = YES;
				GCC_WARN_ABOUT_RETURN_TYPE = YES_ERROR;
				GCC_WARN_UNDECLARED_SELECTOR = YES;
				GCC_WARN_UNINITIALIZED_AUTOS = YES_AGGRESSIVE;
				GCC_WARN_UNUSED_FUNCTION = YES;
				GCC_WARN_UNUSED_VARIABLE = YES;
				IPHONEOS_DEPLOYMENT_TARGET = 8.3;
				MTL_ENABLE_DEBUG_INFO = NO;
				SDKROOT = iphoneos;
				TARGETED_DEVICE_FAMILY = "1,2";
				VALIDATE_PRODUCT = YES;
			};
			name = Release;
		};
		7B3A3EDF1B69713600965048 /* Debug */ = {
			isa = XCBuildConfiguration;
			buildSettings = {
				ASSETCATALOG_COMPILER_APPICON_NAME = AppIcon;
				INFOPLIST_FILE = ParanthesisCount/Info.plist;
				LD_RUNPATH_SEARCH_PATHS = "$(inherited) @executable_path/Frameworks";
				PRODUCT_NAME = "$(TARGET_NAME)";
			};
			name = Debug;
		};
		7B3A3EE01B69713600965048 /* Release */ = {
			isa = XCBuildConfiguration;
			buildSettings = {
				ASSETCATALOG_COMPILER_APPICON_NAME = AppIcon;
				INFOPLIST_FILE = ParanthesisCount/Info.plist;
				LD_RUNPATH_SEARCH_PATHS = "$(inherited) @executable_path/Frameworks";
				PRODUCT_NAME = "$(TARGET_NAME)";
			};
			name = Release;
		};
		7B3A3EE21B69713600965048 /* Debug */ = {
			isa = XCBuildConfiguration;
			buildSettings = {
				BUNDLE_LOADER = "$(TEST_HOST)";
				FRAMEWORK_SEARCH_PATHS = (
					"$(SDKROOT)/Developer/Library/Frameworks",
					"$(inherited)",
				);
				GCC_PREPROCESSOR_DEFINITIONS = (
					"DEBUG=1",
					"$(inherited)",
				);
				INFOPLIST_FILE = ParanthesisCountTests/Info.plist;
				LD_RUNPATH_SEARCH_PATHS = "$(inherited) @executable_path/Frameworks @loader_path/Frameworks";
				PRODUCT_NAME = "$(TARGET_NAME)";
				TEST_HOST = "$(BUILT_PRODUCTS_DIR)/ParanthesisCount.app/ParanthesisCount";
			};
			name = Debug;
		};
		7B3A3EE31B69713600965048 /* Release */ = {
			isa = XCBuildConfiguration;
			buildSettings = {
				BUNDLE_LOADER = "$(TEST_HOST)";
				FRAMEWORK_SEARCH_PATHS = (
					"$(SDKROOT)/Developer/Library/Frameworks",
					"$(inherited)",
				);
				INFOPLIST_FILE = ParanthesisCountTests/Info.plist;
				LD_RUNPATH_SEARCH_PATHS = "$(inherited) @executable_path/Frameworks @loader_path/Frameworks";
				PRODUCT_NAME = "$(TARGET_NAME)";
				TEST_HOST = "$(BUILT_PRODUCTS_DIR)/ParanthesisCount.app/ParanthesisCount";
			};
			name = Release;
		};
/* End XCBuildConfiguration section */

/* Begin XCConfigurationList section */
		7B3A3EB61B69713600965048 /* Build configuration list for PBXProject "ParanthesisCount" */ = {
			isa = XCConfigurationList;
			buildConfigurations = (
				7B3A3EDC1B69713600965048 /* Debug */,
				7B3A3EDD1B69713600965048 /* Release */,
			);
			defaultConfigurationIsVisible = 0;
			defaultConfigurationName = Release;
		};
		7B3A3EDE1B69713600965048 /* Build configuration list for PBXNativeTarget "ParanthesisCount" */ = {
			isa = XCConfigurationList;
			buildConfigurations = (
				7B3A3EDF1B69713600965048 /* Debug */,
				7B3A3EE01B69713600965048 /* Release */,
			);
			defaultConfigurationIsVisible = 0;
		};
		7B3A3EE11B69713600965048 /* Build configuration list for PBXNativeTarget "ParanthesisCountTests" */ = {
			isa = XCConfigurationList;
			buildConfigurations = (
				7B3A3EE21B69713600965048 /* Debug */,
				7B3A3EE31B69713600965048 /* Release */,
			);
			defaultConfigurationIsVisible = 0;
		};
/* End XCConfigurationList section */
	};
	rootObject = 7B3A3EB31B69713600965048 /* Project object */;
}
